{
  "requires": true,
  "lockfileVersion": 1,
  "dependencies": {
    "react-image-gallery": {
      "version": "1.2.6",
      "resolved": "https://registry.npmjs.org/react-image-gallery/-/react-image-gallery-1.2.6.tgz",
      "integrity": "sha512-+uL8RB3YrsXOtL95KY9oLWup2jww95qvvwsHOkRdV1SOImUO4qGuYh/0+M+vuqzBy7AB7G19+KhgucOPetn6+Q=="
    }
  }
}
